
Microsoft Visual Studio Solution File, Format Version 12.00
# Visual Studio Version 17
VisualStudioVersion = 17.0.32014.148
MinimumVisualStudioVersion = 10.0.40219.1
Project("{9A19103F-16F7-4668-BE54-9A1E7A4F7556}") = "IntelligentInvestor.Client", "IntelligentInvestor.Client\IntelligentInvestor.Client.csproj", "{56029F85-658D-4288-B27D-BDC669EB12E5}"
EndProject
Project("{2150E333-8FDC-42A3-9474-1A3956D46DE8}") = "Documents", "Documents", "{44AE84C7-E3B0-437A-8174-A81CDA3DC471}"
EndProject
Project("{FAE04EC0-301F-11D3-BF4B-00C04F79EFBC}") = "IntelligentInvestor.Domain", "IntelligentInvestor.Domain\IntelligentInvestor.Domain.csproj", "{00B1D9FE-014C-4EC6-BD0D-26D6422A6831}"
EndProject
Project("{FAE04EC0-301F-11D3-BF4B-00C04F79EFBC}") = "IntelligentInvestor.Application", "IntelligentInvestor.Application\IntelligentInvestor.Application.csproj", "{6D288392-5B1C-4DB8-8C3F-2C229720FDCE}"
EndProject
Project("{FAE04EC0-301F-11D3-BF4B-00C04F79EFBC}") = "IntelligentInvestor.Infrastructure", "IntelligentInvestor.Infrastructure\IntelligentInvestor.Infrastructure.csproj", "{C827489B-C166-463A-B0EF-8CD102975414}"
EndProject
Global
	GlobalSection(SolutionConfigurationPlatforms) = preSolution
		Debug|Any CPU = Debug|Any CPU
		Release|Any CPU = Release|Any CPU
	EndGlobalSection
	GlobalSection(ProjectConfigurationPlatforms) = postSolution
		{56029F85-658D-4288-B27D-BDC669EB12E5}.Debug|Any CPU.ActiveCfg = Debug|Any CPU
		{56029F85-658D-4288-B27D-BDC669EB12E5}.Debug|Any CPU.Build.0 = Debug|Any CPU
		{56029F85-658D-4288-B27D-BDC669EB12E5}.Release|Any CPU.ActiveCfg = Release|Any CPU
		{56029F85-658D-4288-B27D-BDC669EB12E5}.Release|Any CPU.Build.0 = Release|Any CPU
		{00B1D9FE-014C-4EC6-BD0D-26D6422A6831}.Debug|Any CPU.ActiveCfg = Debug|Any CPU
		{00B1D9FE-014C-4EC6-BD0D-26D6422A6831}.Debug|Any CPU.Build.0 = Debug|Any CPU
		{00B1D9FE-014C-4EC6-BD0D-26D6422A6831}.Release|Any CPU.ActiveCfg = Release|Any CPU
		{00B1D9FE-014C-4EC6-BD0D-26D6422A6831}.Release|Any CPU.Build.0 = Release|Any CPU
		{6D288392-5B1C-4DB8-8C3F-2C229720FDCE}.Debug|Any CPU.ActiveCfg = Debug|Any CPU
		{6D288392-5B1C-4DB8-8C3F-2C229720FDCE}.Debug|Any CPU.Build.0 = Debug|Any CPU
		{6D288392-5B1C-4DB8-8C3F-2C229720FDCE}.Release|Any CPU.ActiveCfg = Release|Any CPU
		{6D288392-5B1C-4DB8-8C3F-2C229720FDCE}.Release|Any CPU.Build.0 = Release|Any CPU
		{C827489B-C166-463A-B0EF-8CD102975414}.Debug|Any CPU.ActiveCfg = Debug|Any CPU
		{C827489B-C166-463A-B0EF-8CD102975414}.Debug|Any CPU.Build.0 = Debug|Any CPU
		{C827489B-C166-463A-B0EF-8CD102975414}.Release|Any CPU.ActiveCfg = Release|Any CPU
		{C827489B-C166-463A-B0EF-8CD102975414}.Release|Any CPU.Build.0 = Release|Any CPU
	EndGlobalSection
	GlobalSection(SolutionProperties) = preSolution
		HideSolutionNode = FALSE
	EndGlobalSection
	GlobalSection(ExtensibilityGlobals) = postSolution
		SolutionGuid = {32BF5B41-5886-41B4-80A1-33BD5AFF154F}
	EndGlobalSection
EndGlobal
