
Microsoft Visual Studio Solution File, Format Version 12.00
# Visual Studio Version 17
VisualStudioVersion = 17.0.32014.148
MinimumVisualStudioVersion = 10.0.40219.1
Project("{9A19103F-16F7-4668-BE54-9A1E7A4F7556}") = "IntelligentInvestor.Client", "IntelligentInvestor.Client\IntelligentInvestor.Client.csproj", "{56029F85-658D-4288-B27D-BDC669EB12E5}"
EndProject
Project("{2150E333-8FDC-42A3-9474-1A3956D46DE8}") = "Documents", "Documents", "{44AE84C7-E3B0-437A-8174-A81CDA3DC471}"
EndProject
Project("{9A19103F-16F7-4668-BE54-9A1E7A4F7556}") = "IntelligentInvestor.Domain", "IntelligentInvestor.Domain\IntelligentInvestor.Domain.csproj", "{00B1D9FE-014C-4EC6-BD0D-26D6422A6831}"
EndProject
Project("{9A19103F-16F7-4668-BE54-9A1E7A4F7556}") = "IntelligentInvestor.Application", "IntelligentInvestor.Application\IntelligentInvestor.Application.csproj", "{6D288392-5B1C-4DB8-8C3F-2C229720FDCE}"
EndProject
Project("{9A19103F-16F7-4668-BE54-9A1E7A4F7556}") = "IntelligentInvestor.Infrastructure", "IntelligentInvestor.Infrastructure\IntelligentInvestor.Infrastructure.csproj", "{C827489B-C166-463A-B0EF-8CD102975414}"
EndProject
Project("{9A19103F-16F7-4668-BE54-9A1E7A4F7556}") = "IntelligentInvestor.Spider", "IntelligentInvestor.Spider\IntelligentInvestor.Spider.csproj", "{72475E98-FCA1-40CA-933C-CEF07DC5A2CB}"
EndProject
Project("{9A19103F-16F7-4668-BE54-9A1E7A4F7556}") = "IntelligentInvestor.Intermediary", "IntelligentInvestor.Intermediary\IntelligentInvestor.Intermediary.csproj", "{6A636F3C-3056-4942-A546-0F9E0207F607}"
EndProject
Project("{9A19103F-16F7-4668-BE54-9A1E7A4F7556}") = "IntelligentInvestor.Intermediary.Abstractions", "IntelligentInvestor.Intermediary.Abstractions\IntelligentInvestor.Intermediary.Abstractions.csproj", "{4E0C42F1-9860-43A2-8A3D-92ED93D5264E}"
EndProject
Project("{9A19103F-16F7-4668-BE54-9A1E7A4F7556}") = "IntelligentInvestor.Spider.Mock", "IntelligentInvestor.Spider.Mock\IntelligentInvestor.Spider.Mock.csproj", "{42BD3B91-3D03-42A6-95C8-A8D6A6CECD0C}"
EndProject
Project("{9A19103F-16F7-4668-BE54-9A1E7A4F7556}") = "IntelligentInvestor.Spider.UData", "IntelligentInvestor.Spider.UData\IntelligentInvestor.Spider.UData.csproj", "{8E362762-AB44-4FF8-899B-086B8003FFAD}"
EndProject
Project("{9A19103F-16F7-4668-BE54-9A1E7A4F7556}") = "IntelligentInvestor.Spider.Sina", "IntelligentInvestor.Spider.Sina\IntelligentInvestor.Spider.Sina.csproj", "{599D2EEA-16AA-4E0B-A075-4E5603F7436F}"
EndProject
Project("{FAE04EC0-301F-11D3-BF4B-00C04F79EFBC}") = "IntelligentInvestor.ModelPortfolio", "IntelligentInvestor.ModelPortfolio\IntelligentInvestor.ModelPortfolio.csproj", "{1F9E9079-872A-4C9D-82D5-57211960A558}"
EndProject
Global
	GlobalSection(SolutionConfigurationPlatforms) = preSolution
		Debug|Any CPU = Debug|Any CPU
		Release|Any CPU = Release|Any CPU
	EndGlobalSection
	GlobalSection(ProjectConfigurationPlatforms) = postSolution
		{56029F85-658D-4288-B27D-BDC669EB12E5}.Debug|Any CPU.ActiveCfg = Debug|Any CPU
		{56029F85-658D-4288-B27D-BDC669EB12E5}.Debug|Any CPU.Build.0 = Debug|Any CPU
		{56029F85-658D-4288-B27D-BDC669EB12E5}.Release|Any CPU.ActiveCfg = Release|Any CPU
		{56029F85-658D-4288-B27D-BDC669EB12E5}.Release|Any CPU.Build.0 = Release|Any CPU
		{00B1D9FE-014C-4EC6-BD0D-26D6422A6831}.Debug|Any CPU.ActiveCfg = Debug|Any CPU
		{00B1D9FE-014C-4EC6-BD0D-26D6422A6831}.Debug|Any CPU.Build.0 = Debug|Any CPU
		{00B1D9FE-014C-4EC6-BD0D-26D6422A6831}.Release|Any CPU.ActiveCfg = Release|Any CPU
		{00B1D9FE-014C-4EC6-BD0D-26D6422A6831}.Release|Any CPU.Build.0 = Release|Any CPU
		{6D288392-5B1C-4DB8-8C3F-2C229720FDCE}.Debug|Any CPU.ActiveCfg = Debug|Any CPU
		{6D288392-5B1C-4DB8-8C3F-2C229720FDCE}.Debug|Any CPU.Build.0 = Debug|Any CPU
		{6D288392-5B1C-4DB8-8C3F-2C229720FDCE}.Release|Any CPU.ActiveCfg = Release|Any CPU
		{6D288392-5B1C-4DB8-8C3F-2C229720FDCE}.Release|Any CPU.Build.0 = Release|Any CPU
		{C827489B-C166-463A-B0EF-8CD102975414}.Debug|Any CPU.ActiveCfg = Debug|Any CPU
		{C827489B-C166-463A-B0EF-8CD102975414}.Debug|Any CPU.Build.0 = Debug|Any CPU
		{C827489B-C166-463A-B0EF-8CD102975414}.Release|Any CPU.ActiveCfg = Release|Any CPU
		{C827489B-C166-463A-B0EF-8CD102975414}.Release|Any CPU.Build.0 = Release|Any CPU
		{72475E98-FCA1-40CA-933C-CEF07DC5A2CB}.Debug|Any CPU.ActiveCfg = Debug|Any CPU
		{72475E98-FCA1-40CA-933C-CEF07DC5A2CB}.Debug|Any CPU.Build.0 = Debug|Any CPU
		{72475E98-FCA1-40CA-933C-CEF07DC5A2CB}.Release|Any CPU.ActiveCfg = Release|Any CPU
		{72475E98-FCA1-40CA-933C-CEF07DC5A2CB}.Release|Any CPU.Build.0 = Release|Any CPU
		{6A636F3C-3056-4942-A546-0F9E0207F607}.Debug|Any CPU.ActiveCfg = Debug|Any CPU
		{6A636F3C-3056-4942-A546-0F9E0207F607}.Debug|Any CPU.Build.0 = Debug|Any CPU
		{6A636F3C-3056-4942-A546-0F9E0207F607}.Release|Any CPU.ActiveCfg = Release|Any CPU
		{6A636F3C-3056-4942-A546-0F9E0207F607}.Release|Any CPU.Build.0 = Release|Any CPU
		{4E0C42F1-9860-43A2-8A3D-92ED93D5264E}.Debug|Any CPU.ActiveCfg = Debug|Any CPU
		{4E0C42F1-9860-43A2-8A3D-92ED93D5264E}.Debug|Any CPU.Build.0 = Debug|Any CPU
		{4E0C42F1-9860-43A2-8A3D-92ED93D5264E}.Release|Any CPU.ActiveCfg = Release|Any CPU
		{4E0C42F1-9860-43A2-8A3D-92ED93D5264E}.Release|Any CPU.Build.0 = Release|Any CPU
		{42BD3B91-3D03-42A6-95C8-A8D6A6CECD0C}.Debug|Any CPU.ActiveCfg = Debug|Any CPU
		{42BD3B91-3D03-42A6-95C8-A8D6A6CECD0C}.Debug|Any CPU.Build.0 = Debug|Any CPU
		{42BD3B91-3D03-42A6-95C8-A8D6A6CECD0C}.Release|Any CPU.ActiveCfg = Release|Any CPU
		{42BD3B91-3D03-42A6-95C8-A8D6A6CECD0C}.Release|Any CPU.Build.0 = Release|Any CPU
		{8E362762-AB44-4FF8-899B-086B8003FFAD}.Debug|Any CPU.ActiveCfg = Debug|Any CPU
		{8E362762-AB44-4FF8-899B-086B8003FFAD}.Debug|Any CPU.Build.0 = Debug|Any CPU
		{8E362762-AB44-4FF8-899B-086B8003FFAD}.Release|Any CPU.ActiveCfg = Release|Any CPU
		{8E362762-AB44-4FF8-899B-086B8003FFAD}.Release|Any CPU.Build.0 = Release|Any CPU
		{599D2EEA-16AA-4E0B-A075-4E5603F7436F}.Debug|Any CPU.ActiveCfg = Debug|Any CPU
		{599D2EEA-16AA-4E0B-A075-4E5603F7436F}.Debug|Any CPU.Build.0 = Debug|Any CPU
		{599D2EEA-16AA-4E0B-A075-4E5603F7436F}.Release|Any CPU.ActiveCfg = Release|Any CPU
		{599D2EEA-16AA-4E0B-A075-4E5603F7436F}.Release|Any CPU.Build.0 = Release|Any CPU
		{1F9E9079-872A-4C9D-82D5-57211960A558}.Debug|Any CPU.ActiveCfg = Debug|Any CPU
		{1F9E9079-872A-4C9D-82D5-57211960A558}.Debug|Any CPU.Build.0 = Debug|Any CPU
		{1F9E9079-872A-4C9D-82D5-57211960A558}.Release|Any CPU.ActiveCfg = Release|Any CPU
		{1F9E9079-872A-4C9D-82D5-57211960A558}.Release|Any CPU.Build.0 = Release|Any CPU
	EndGlobalSection
	GlobalSection(SolutionProperties) = preSolution
		HideSolutionNode = FALSE
	EndGlobalSection
	GlobalSection(ExtensibilityGlobals) = postSolution
		SolutionGuid = {32BF5B41-5886-41B4-80A1-33BD5AFF154F}
	EndGlobalSection
EndGlobal
